
Microsoft Visual Studio Solution File, Format Version 12.00
# Visual Studio Version 17
VisualStudioVersion = 17.14.36414.22
MinimumVisualStudioVersion = 10.0.40219.1
Project("{2150E333-8FDC-42A3-9474-1A3956D46DE8}") = "Task0", "Task0", "{02EA681E-C7D8-13C7-8484-4AC65E1B71E8}"
EndProject
Project("{FAE04EC0-301F-11D3-BF4B-00C04F79EFBC}") = "Tyuiu.KorolkovDS.Sprint6.Task0.V26.Test", "Tyuiu.KorolkovDS.Sprint6.Task0.V26.Test\Tyuiu.KorolkovDS.Sprint6.Task0.V26.Test.csproj", "{62ED6263-781A-48FA-8650-9182D691DFC5}"
EndProject
Project("{FAE04EC0-301F-11D3-BF4B-00C04F79EFBC}") = "Tyuiu.KorolkovDS.Sprint6.Task0.V26.Lib", "Tyuiu.KorolkovDS.Sprint6.Task0.V26.Lib\Tyuiu.KorolkovDS.Sprint6.Task0.V26.Lib.csproj", "{83D27239-2A94-4C78-A051-BF5BFA623050}"
EndProject
Project("{FAE04EC0-301F-11D3-BF4B-00C04F79EFBC}") = "Tyuiu.KorolkovDS.Sprint6.Task0.V26", "Tyuiu.KorolkovDS.Sprint6.Task0.V26\Tyuiu.KorolkovDS.Sprint6.Task0.V26.csproj", "{C5FE40F4-160D-4976-BF4B-50F9D6D082CA}"
EndProject
Project("{2150E333-8FDC-42A3-9474-1A3956D46DE8}") = "Task1", "Task1", "{7428E0F1-6C0B-42A1-8242-8D3959E27F86}"
EndProject
Project("{FAE04EC0-301F-11D3-BF4B-00C04F79EFBC}") = "Tyuiu.KorolkovDS.Sprint6.Task1.V4", "Tyuiu.KorolkovDS.Sprint6.Task1.V4\Tyuiu.KorolkovDS.Sprint6.Task1.V4.csproj", "{BEE07F6A-FC4E-4CE9-AD66-39370206A18E}"
EndProject
Project("{FAE04EC0-301F-11D3-BF4B-00C04F79EFBC}") = "Tyuiu.KorolkovDS.Sprint6.Task1.V4.Lib", "Tyuiu.KorolkovDS.Sprint6.Task1.V4.Lib\Tyuiu.KorolkovDS.Sprint6.Task1.V4.Lib.csproj", "{11A87FC8-2651-4DCB-AA7F-119750A7446F}"
EndProject
Project("{FAE04EC0-301F-11D3-BF4B-00C04F79EFBC}") = "Tyuiu.KorolkovDS.Sprint6.Task1.V4.Test", "Tyuiu.KorolkovDS.Sprint6.Task1.V4.Test\Tyuiu.KorolkovDS.Sprint6.Task1.V4.Test.csproj", "{A2B14950-C196-4A4F-8EB6-7C62FCAD99A8}"
EndProject
Project("{2150E333-8FDC-42A3-9474-1A3956D46DE8}") = "Task2", "Task2", "{DBFD2B8A-4D79-4DE2-8D83-9F3C80FBD997}"
EndProject
Project("{FAE04EC0-301F-11D3-BF4B-00C04F79EFBC}") = "Tyuiu.KorolkovDS.Sprint6.Task2.V23", "Tyuiu.KorolkovDS.Sprint6.Task2.V23\Tyuiu.KorolkovDS.Sprint6.Task2.V23.csproj", "{A9C01C0B-705C-4A05-B527-6AFFE9DF0190}"
EndProject
Project("{FAE04EC0-301F-11D3-BF4B-00C04F79EFBC}") = "Tyuiu.KorolkovDS.Sprint6.Task2.V23.Lib", "Tyuiu.KorolkovDS.Sprint6.Task2.V23.Lib\Tyuiu.KorolkovDS.Sprint6.Task2.V23.Lib.csproj", "{E6E20805-C97C-498C-9986-490AC166A466}"
EndProject
Project("{FAE04EC0-301F-11D3-BF4B-00C04F79EFBC}") = "Tyuiu.KorolkovDS.Sprint6.Task2.V23.Test", "Tyuiu.KorolkovDS.Sprint6.Task2.V23.Test\Tyuiu.KorolkovDS.Sprint6.Task2.V23.Test.csproj", "{54A15E76-979B-48D5-81A8-ABB70C41C33B}"
EndProject
Project("{2150E333-8FDC-42A3-9474-1A3956D46DE8}") = "Task3", "Task3", "{F3E7CF88-4477-48ED-A1E2-22E8C164FAEA}"
EndProject
Project("{FAE04EC0-301F-11D3-BF4B-00C04F79EFBC}") = "Tyuiu.KorolkovDS.Sprint6.Task3.V25", "Tyuiu.KorolkovDS.Sprint6.Task3.V25\Tyuiu.KorolkovDS.Sprint6.Task3.V25.csproj", "{F063AFB3-DC39-4772-AB36-26864EAF00D1}"
EndProject
Project("{FAE04EC0-301F-11D3-BF4B-00C04F79EFBC}") = "Tyuiu.KorolkovDS.Sprint6.Task3.V25.Lib", "Tyuiu.KorolkovDS.Sprint6.Task3.V25.Lib\Tyuiu.KorolkovDS.Sprint6.Task3.V25.Lib.csproj", "{191EA832-7A9F-4F47-B425-C7DAD0C9B0AD}"
EndProject
Project("{FAE04EC0-301F-11D3-BF4B-00C04F79EFBC}") = "Tyuiu.KorolkovDS.Sprint6.Task3.V25.Test", "Tyuiu.KorolkovDS.Sprint6.Task3.V25.Test\Tyuiu.KorolkovDS.Sprint6.Task3.V25.Test.csproj", "{E1F1A601-7FE7-498F-9A1F-43FE8BF2DE5A}"
EndProject
Project("{2150E333-8FDC-42A3-9474-1A3956D46DE8}") = "Task4", "Task4", "{3763429C-69C6-4055-9095-A23C821F4AB3}"
EndProject
Project("{FAE04EC0-301F-11D3-BF4B-00C04F79EFBC}") = "Tyuiu.KorolkovDS.Sprint6.Task4.V24", "Tyuiu.KorolkovDS.Sprint6.Task4.V24\Tyuiu.KorolkovDS.Sprint6.Task4.V24.csproj", "{308D8DE9-EFD4-453E-857A-462B6DCFAEB5}"
EndProject
Project("{FAE04EC0-301F-11D3-BF4B-00C04F79EFBC}") = "Tyuiu.KorolkovDS.Sprint6.Task4.V24.Lib", "Tyuiu.KorolkovDS.Sprint6.Task4.V24.Lib\Tyuiu.KorolkovDS.Sprint6.Task4.V24.Lib.csproj", "{99E42477-8700-4E8F-9F92-3CF26A681262}"
EndProject
Project("{FAE04EC0-301F-11D3-BF4B-00C04F79EFBC}") = "Tyuiu.KorolkovDS.Sprint6.Task4.V24.Test", "Tyuiu.KorolkovDS.Sprint6.Task4.V24.Test\Tyuiu.KorolkovDS.Sprint6.Task4.V24.Test.csproj", "{095C3874-0D5E-4B14-BBC3-802DAFC756D6}"
EndProject
Project("{2150E333-8FDC-42A3-9474-1A3956D46DE8}") = "Task5", "Task5", "{E2AB521D-7DED-4D3C-B5B5-EBFA24AEEB23}"
EndProject
Project("{FAE04EC0-301F-11D3-BF4B-00C04F79EFBC}") = "Tyuiu.KorolkovDS.Sprint6.Task5.V22", "Tyuiu.KorolkovDS.Sprint6.Task5.V22\Tyuiu.KorolkovDS.Sprint6.Task5.V22.csproj", "{DE19F62E-5B24-4574-92F0-DED3E253316B}"
EndProject
Project("{FAE04EC0-301F-11D3-BF4B-00C04F79EFBC}") = "Tyuiu.KorolkovDS.Sprint6.Task5.V22.Lib", "Tyuiu.KorolkovDS.Sprint6.Task5.V22.Lib\Tyuiu.KorolkovDS.Sprint6.Task5.V22.Lib.csproj", "{16551F14-B98F-4FBD-B0B4-8D9ADA33E83F}"
EndProject
Project("{FAE04EC0-301F-11D3-BF4B-00C04F79EFBC}") = "Tyuiu.KorolkovDS.Sprint6.Task5.V22.Test", "Tyuiu.KorolkovDS.Sprint6.Task5.V22.Test\Tyuiu.KorolkovDS.Sprint6.Task5.V22.Test.csproj", "{6B9C4A92-36B2-44F8-A9DB-75BCB95E8695}"
EndProject
Project("{2150E333-8FDC-42A3-9474-1A3956D46DE8}") = "Task6", "Task6", "{11848624-2B88-447B-A91D-FEBCA1333AC7}"
EndProject
Project("{FAE04EC0-301F-11D3-BF4B-00C04F79EFBC}") = "Tyuiu.KorolkovDS.Sprint6.Task6.V19", "Tyuiu.KorolkovDS.Sprint6.Task6.V19\Tyuiu.KorolkovDS.Sprint6.Task6.V19.csproj", "{074B901F-FDF4-4414-8675-DDBE5311AF4B}"
EndProject
Project("{FAE04EC0-301F-11D3-BF4B-00C04F79EFBC}") = "Tyuiu.KorolkovDS.Sprint6.Task6.V19.Lib", "Tyuiu.KorolkovDS.Sprint6.Task6.V19.Lib\Tyuiu.KorolkovDS.Sprint6.Task6.V19.Lib.csproj", "{6F2CE55E-4907-47CD-8DC7-6EE487EF8CCF}"
EndProject
Project("{FAE04EC0-301F-11D3-BF4B-00C04F79EFBC}") = "Tyuiu.KorolkovDS.Sprint6.Task6.V19.Test", "Tyuiu.KorolkovDS.Sprint6.Task6.V19.Test\Tyuiu.KorolkovDS.Sprint6.Task6.V19.Test.csproj", "{C6DFEF56-6886-4810-924A-5060F3E198B3}"
EndProject
Global
	GlobalSection(SolutionConfigurationPlatforms) = preSolution
		Debug|Any CPU = Debug|Any CPU
		Release|Any CPU = Release|Any CPU
	EndGlobalSection
	GlobalSection(ProjectConfigurationPlatforms) = postSolution
		{62ED6263-781A-48FA-8650-9182D691DFC5}.Debug|Any CPU.ActiveCfg = Debug|Any CPU
		{62ED6263-781A-48FA-8650-9182D691DFC5}.Debug|Any CPU.Build.0 = Debug|Any CPU
		{62ED6263-781A-48FA-8650-9182D691DFC5}.Release|Any CPU.ActiveCfg = Release|Any CPU
		{62ED6263-781A-48FA-8650-9182D691DFC5}.Release|Any CPU.Build.0 = Release|Any CPU
		{83D27239-2A94-4C78-A051-BF5BFA623050}.Debug|Any CPU.ActiveCfg = Debug|Any CPU
		{83D27239-2A94-4C78-A051-BF5BFA623050}.Debug|Any CPU.Build.0 = Debug|Any CPU
		{83D27239-2A94-4C78-A051-BF5BFA623050}.Release|Any CPU.ActiveCfg = Release|Any CPU
		{83D27239-2A94-4C78-A051-BF5BFA623050}.Release|Any CPU.Build.0 = Release|Any CPU
		{C5FE40F4-160D-4976-BF4B-50F9D6D082CA}.Debug|Any CPU.ActiveCfg = Debug|Any CPU
		{C5FE40F4-160D-4976-BF4B-50F9D6D082CA}.Debug|Any CPU.Build.0 = Debug|Any CPU
		{C5FE40F4-160D-4976-BF4B-50F9D6D082CA}.Release|Any CPU.ActiveCfg = Release|Any CPU
		{C5FE40F4-160D-4976-BF4B-50F9D6D082CA}.Release|Any CPU.Build.0 = Release|Any CPU
		{BEE07F6A-FC4E-4CE9-AD66-39370206A18E}.Debug|Any CPU.ActiveCfg = Debug|Any CPU
		{BEE07F6A-FC4E-4CE9-AD66-39370206A18E}.Debug|Any CPU.Build.0 = Debug|Any CPU
		{BEE07F6A-FC4E-4CE9-AD66-39370206A18E}.Release|Any CPU.ActiveCfg = Release|Any CPU
		{BEE07F6A-FC4E-4CE9-AD66-39370206A18E}.Release|Any CPU.Build.0 = Release|Any CPU
		{11A87FC8-2651-4DCB-AA7F-119750A7446F}.Debug|Any CPU.ActiveCfg = Debug|Any CPU
		{11A87FC8-2651-4DCB-AA7F-119750A7446F}.Debug|Any CPU.Build.0 = Debug|Any CPU
		{11A87FC8-2651-4DCB-AA7F-119750A7446F}.Release|Any CPU.ActiveCfg = Release|Any CPU
		{11A87FC8-2651-4DCB-AA7F-119750A7446F}.Release|Any CPU.Build.0 = Release|Any CPU
		{A2B14950-C196-4A4F-8EB6-7C62FCAD99A8}.Debug|Any CPU.ActiveCfg = Debug|Any CPU
		{A2B14950-C196-4A4F-8EB6-7C62FCAD99A8}.Debug|Any CPU.Build.0 = Debug|Any CPU
		{A2B14950-C196-4A4F-8EB6-7C62FCAD99A8}.Release|Any CPU.ActiveCfg = Release|Any CPU
		{A2B14950-C196-4A4F-8EB6-7C62FCAD99A8}.Release|Any CPU.Build.0 = Release|Any CPU
		{A9C01C0B-705C-4A05-B527-6AFFE9DF0190}.Debug|Any CPU.ActiveCfg = Debug|Any CPU
		{A9C01C0B-705C-4A05-B527-6AFFE9DF0190}.Debug|Any CPU.Build.0 = Debug|Any CPU
		{A9C01C0B-705C-4A05-B527-6AFFE9DF0190}.Release|Any CPU.ActiveCfg = Release|Any CPU
		{A9C01C0B-705C-4A05-B527-6AFFE9DF0190}.Release|Any CPU.Build.0 = Release|Any CPU
		{E6E20805-C97C-498C-9986-490AC166A466}.Debug|Any CPU.ActiveCfg = Debug|Any CPU
		{E6E20805-C97C-498C-9986-490AC166A466}.Debug|Any CPU.Build.0 = Debug|Any CPU
		{E6E20805-C97C-498C-9986-490AC166A466}.Release|Any CPU.ActiveCfg = Release|Any CPU
		{E6E20805-C97C-498C-9986-490AC166A466}.Release|Any CPU.Build.0 = Release|Any CPU
		{54A15E76-979B-48D5-81A8-ABB70C41C33B}.Debug|Any CPU.ActiveCfg = Debug|Any CPU
		{54A15E76-979B-48D5-81A8-ABB70C41C33B}.Debug|Any CPU.Build.0 = Debug|Any CPU
		{54A15E76-979B-48D5-81A8-ABB70C41C33B}.Release|Any CPU.ActiveCfg = Release|Any CPU
		{54A15E76-979B-48D5-81A8-ABB70C41C33B}.Release|Any CPU.Build.0 = Release|Any CPU
		{F063AFB3-DC39-4772-AB36-26864EAF00D1}.Debug|Any CPU.ActiveCfg = Debug|Any CPU
		{F063AFB3-DC39-4772-AB36-26864EAF00D1}.Debug|Any CPU.Build.0 = Debug|Any CPU
		{F063AFB3-DC39-4772-AB36-26864EAF00D1}.Release|Any CPU.ActiveCfg = Release|Any CPU
		{F063AFB3-DC39-4772-AB36-26864EAF00D1}.Release|Any CPU.Build.0 = Release|Any CPU
		{191EA832-7A9F-4F47-B425-C7DAD0C9B0AD}.Debug|Any CPU.ActiveCfg = Debug|Any CPU
		{191EA832-7A9F-4F47-B425-C7DAD0C9B0AD}.Debug|Any CPU.Build.0 = Debug|Any CPU
		{191EA832-7A9F-4F47-B425-C7DAD0C9B0AD}.Release|Any CPU.ActiveCfg = Release|Any CPU
		{191EA832-7A9F-4F47-B425-C7DAD0C9B0AD}.Release|Any CPU.Build.0 = Release|Any CPU
		{E1F1A601-7FE7-498F-9A1F-43FE8BF2DE5A}.Debug|Any CPU.ActiveCfg = Debug|Any CPU
		{E1F1A601-7FE7-498F-9A1F-43FE8BF2DE5A}.Debug|Any CPU.Build.0 = Debug|Any CPU
		{E1F1A601-7FE7-498F-9A1F-43FE8BF2DE5A}.Release|Any CPU.ActiveCfg = Release|Any CPU
		{E1F1A601-7FE7-498F-9A1F-43FE8BF2DE5A}.Release|Any CPU.Build.0 = Release|Any CPU
		{308D8DE9-EFD4-453E-857A-462B6DCFAEB5}.Debug|Any CPU.ActiveCfg = Debug|Any CPU
		{308D8DE9-EFD4-453E-857A-462B6DCFAEB5}.Debug|Any CPU.Build.0 = Debug|Any CPU
		{308D8DE9-EFD4-453E-857A-462B6DCFAEB5}.Release|Any CPU.ActiveCfg = Release|Any CPU
		{308D8DE9-EFD4-453E-857A-462B6DCFAEB5}.Release|Any CPU.Build.0 = Release|Any CPU
		{99E42477-8700-4E8F-9F92-3CF26A681262}.Debug|Any CPU.ActiveCfg = Debug|Any CPU
		{99E42477-8700-4E8F-9F92-3CF26A681262}.Debug|Any CPU.Build.0 = Debug|Any CPU
		{99E42477-8700-4E8F-9F92-3CF26A681262}.Release|Any CPU.ActiveCfg = Release|Any CPU
		{99E42477-8700-4E8F-9F92-3CF26A681262}.Release|Any CPU.Build.0 = Release|Any CPU
		{095C3874-0D5E-4B14-BBC3-802DAFC756D6}.Debug|Any CPU.ActiveCfg = Debug|Any CPU
		{095C3874-0D5E-4B14-BBC3-802DAFC756D6}.Debug|Any CPU.Build.0 = Debug|Any CPU
		{095C3874-0D5E-4B14-BBC3-802DAFC756D6}.Release|Any CPU.ActiveCfg = Release|Any CPU
		{095C3874-0D5E-4B14-BBC3-802DAFC756D6}.Release|Any CPU.Build.0 = Release|Any CPU
		{DE19F62E-5B24-4574-92F0-DED3E253316B}.Debug|Any CPU.ActiveCfg = Debug|Any CPU
		{DE19F62E-5B24-4574-92F0-DED3E253316B}.Debug|Any CPU.Build.0 = Debug|Any CPU
		{DE19F62E-5B24-4574-92F0-DED3E253316B}.Release|Any CPU.ActiveCfg = Release|Any CPU
		{DE19F62E-5B24-4574-92F0-DED3E253316B}.Release|Any CPU.Build.0 = Release|Any CPU
		{16551F14-B98F-4FBD-B0B4-8D9ADA33E83F}.Debug|Any CPU.ActiveCfg = Debug|Any CPU
		{16551F14-B98F-4FBD-B0B4-8D9ADA33E83F}.Debug|Any CPU.Build.0 = Debug|Any CPU
		{16551F14-B98F-4FBD-B0B4-8D9ADA33E83F}.Release|Any CPU.ActiveCfg = Release|Any CPU
		{16551F14-B98F-4FBD-B0B4-8D9ADA33E83F}.Release|Any CPU.Build.0 = Release|Any CPU
		{6B9C4A92-36B2-44F8-A9DB-75BCB95E8695}.Debug|Any CPU.ActiveCfg = Debug|Any CPU
		{6B9C4A92-36B2-44F8-A9DB-75BCB95E8695}.Debug|Any CPU.Build.0 = Debug|Any CPU
		{6B9C4A92-36B2-44F8-A9DB-75BCB95E8695}.Release|Any CPU.ActiveCfg = Release|Any CPU
		{6B9C4A92-36B2-44F8-A9DB-75BCB95E8695}.Release|Any CPU.Build.0 = Release|Any CPU
		{074B901F-FDF4-4414-8675-DDBE5311AF4B}.Debug|Any CPU.ActiveCfg = Debug|Any CPU
		{074B901F-FDF4-4414-8675-DDBE5311AF4B}.Debug|Any CPU.Build.0 = Debug|Any CPU
		{074B901F-FDF4-4414-8675-DDBE5311AF4B}.Release|Any CPU.ActiveCfg = Release|Any CPU
		{074B901F-FDF4-4414-8675-DDBE5311AF4B}.Release|Any CPU.Build.0 = Release|Any CPU
		{6F2CE55E-4907-47CD-8DC7-6EE487EF8CCF}.Debug|Any CPU.ActiveCfg = Debug|Any CPU
		{6F2CE55E-4907-47CD-8DC7-6EE487EF8CCF}.Debug|Any CPU.Build.0 = Debug|Any CPU
		{6F2CE55E-4907-47CD-8DC7-6EE487EF8CCF}.Release|Any CPU.ActiveCfg = Release|Any CPU
		{6F2CE55E-4907-47CD-8DC7-6EE487EF8CCF}.Release|Any CPU.Build.0 = Release|Any CPU
		{C6DFEF56-6886-4810-924A-5060F3E198B3}.Debug|Any CPU.ActiveCfg = Debug|Any CPU
		{C6DFEF56-6886-4810-924A-5060F3E198B3}.Debug|Any CPU.Build.0 = Debug|Any CPU
		{C6DFEF56-6886-4810-924A-5060F3E198B3}.Release|Any CPU.ActiveCfg = Release|Any CPU
		{C6DFEF56-6886-4810-924A-5060F3E198B3}.Release|Any CPU.Build.0 = Release|Any CPU
	EndGlobalSection
	GlobalSection(SolutionProperties) = preSolution
		HideSolutionNode = FALSE
	EndGlobalSection
	GlobalSection(NestedProjects) = preSolution
		{62ED6263-781A-48FA-8650-9182D691DFC5} = {02EA681E-C7D8-13C7-8484-4AC65E1B71E8}
		{83D27239-2A94-4C78-A051-BF5BFA623050} = {02EA681E-C7D8-13C7-8484-4AC65E1B71E8}
		{C5FE40F4-160D-4976-BF4B-50F9D6D082CA} = {02EA681E-C7D8-13C7-8484-4AC65E1B71E8}
		{BEE07F6A-FC4E-4CE9-AD66-39370206A18E} = {7428E0F1-6C0B-42A1-8242-8D3959E27F86}
		{11A87FC8-2651-4DCB-AA7F-119750A7446F} = {7428E0F1-6C0B-42A1-8242-8D3959E27F86}
		{A2B14950-C196-4A4F-8EB6-7C62FCAD99A8} = {7428E0F1-6C0B-42A1-8242-8D3959E27F86}
		{A9C01C0B-705C-4A05-B527-6AFFE9DF0190} = {DBFD2B8A-4D79-4DE2-8D83-9F3C80FBD997}
		{E6E20805-C97C-498C-9986-490AC166A466} = {DBFD2B8A-4D79-4DE2-8D83-9F3C80FBD997}
		{54A15E76-979B-48D5-81A8-ABB70C41C33B} = {DBFD2B8A-4D79-4DE2-8D83-9F3C80FBD997}
		{F063AFB3-DC39-4772-AB36-26864EAF00D1} = {F3E7CF88-4477-48ED-A1E2-22E8C164FAEA}
		{191EA832-7A9F-4F47-B425-C7DAD0C9B0AD} = {F3E7CF88-4477-48ED-A1E2-22E8C164FAEA}
		{E1F1A601-7FE7-498F-9A1F-43FE8BF2DE5A} = {F3E7CF88-4477-48ED-A1E2-22E8C164FAEA}
		{308D8DE9-EFD4-453E-857A-462B6DCFAEB5} = {3763429C-69C6-4055-9095-A23C821F4AB3}
		{99E42477-8700-4E8F-9F92-3CF26A681262} = {3763429C-69C6-4055-9095-A23C821F4AB3}
		{095C3874-0D5E-4B14-BBC3-802DAFC756D6} = {3763429C-69C6-4055-9095-A23C821F4AB3}
		{DE19F62E-5B24-4574-92F0-DED3E253316B} = {E2AB521D-7DED-4D3C-B5B5-EBFA24AEEB23}
		{16551F14-B98F-4FBD-B0B4-8D9ADA33E83F} = {E2AB521D-7DED-4D3C-B5B5-EBFA24AEEB23}
		{6B9C4A92-36B2-44F8-A9DB-75BCB95E8695} = {E2AB521D-7DED-4D3C-B5B5-EBFA24AEEB23}
		{074B901F-FDF4-4414-8675-DDBE5311AF4B} = {11848624-2B88-447B-A91D-FEBCA1333AC7}
		{6F2CE55E-4907-47CD-8DC7-6EE487EF8CCF} = {11848624-2B88-447B-A91D-FEBCA1333AC7}
		{C6DFEF56-6886-4810-924A-5060F3E198B3} = {11848624-2B88-447B-A91D-FEBCA1333AC7}
	EndGlobalSection
	GlobalSection(ExtensibilityGlobals) = postSolution
		SolutionGuid = {D05B5537-062A-47C8-ABD9-985BE165C4F3}
	EndGlobalSection
EndGlobal
